
Microsoft Visual Studio Solution File, Format Version 12.00
# Visual Studio Version 16
VisualStudioVersion = 16.0.30204.135
MinimumVisualStudioVersion = 10.0.40219.1
Project("{FAE04EC0-301F-11D3-BF4B-00C04F79EFBC}") = "Api2Doc", "Api2Doc\Api2Doc.csproj", "{5818D378-C501-4378-9479-6ED0CE523065}"
EndProject
Global
	GlobalSection(SolutionConfigurationPlatforms) = preSolution
		Debug|Any CPU = Debug|Any CPU
		Release|Any CPU = Release|Any CPU
	EndGlobalSection
	GlobalSection(ProjectConfigurationPlatforms) = postSolution
		{5818D378-C501-4378-9479-6ED0CE523065}.Debug|Any CPU.ActiveCfg = Debug|Any CPU
		{5818D378-C501-4378-9479-6ED0CE523065}.Debug|Any CPU.Build.0 = Debug|Any CPU
		{5818D378-C501-4378-9479-6ED0CE523065}.Release|Any CPU.ActiveCfg = Release|Any CPU
		{5818D378-C501-4378-9479-6ED0CE523065}.Release|Any CPU.Build.0 = Release|Any CPU
	EndGlobalSection
	GlobalSection(SolutionProperties) = preSolution
		HideSolutionNode = FALSE
	EndGlobalSection
	GlobalSection(ExtensibilityGlobals) = postSolution
		SolutionGuid = {A391FBE9-5530-4D74-89C4-8CF16FE492D0}
	EndGlobalSection
EndGlobal
